
Microsoft Visual Studio Solution File, Format Version 12.00
# Visual Studio Version 17
VisualStudioVersion = 17.9.34728.123
MinimumVisualStudioVersion = 10.0.40219.1
Project("{FAE04EC0-301F-11D3-BF4B-00C04F79EFBC}") = "back", "back.csproj", "{CC5D3318-EC19-4B7A-8CF6-6EA4E5BDB18A}"
EndProject
Global
	GlobalSection(SolutionConfigurationPlatforms) = preSolution
		Debug|Any CPU = Debug|Any CPU
		Release|Any CPU = Release|Any CPU
	EndGlobalSection
	GlobalSection(ProjectConfigurationPlatforms) = postSolution
		{CC5D3318-EC19-4B7A-8CF6-6EA4E5BDB18A}.Debug|Any CPU.ActiveCfg = Debug|Any CPU
		{CC5D3318-EC19-4B7A-8CF6-6EA4E5BDB18A}.Debug|Any CPU.Build.0 = Debug|Any CPU
		{CC5D3318-EC19-4B7A-8CF6-6EA4E5BDB18A}.Release|Any CPU.ActiveCfg = Release|Any CPU
		{CC5D3318-EC19-4B7A-8CF6-6EA4E5BDB18A}.Release|Any CPU.Build.0 = Release|Any CPU
	EndGlobalSection
	GlobalSection(SolutionProperties) = preSolution
		HideSolutionNode = FALSE
	EndGlobalSection
	GlobalSection(ExtensibilityGlobals) = postSolution
		SolutionGuid = {4A12B0D0-36B4-4F74-AEA2-BF4E28D3DD8F}
	EndGlobalSection
EndGlobal
